// !$*UTF8*$!
{
	archiveVersion = 1;
	classes = {
	};
	objectVersion = 55;
	objects = {

/* Begin PBXBuildFile section */
		540B61182A3125DE00DB1FBB /* SwapiEndpoints.swift in Sources */ = {isa = PBXBuildFile; fileRef = 540B61172A3125DE00DB1FBB /* SwapiEndpoints.swift */; };
		540B611A2A312ADF00DB1FBB /* SWAPIService.swift in Sources */ = {isa = PBXBuildFile; fileRef = 540B61192A312ADF00DB1FBB /* SWAPIService.swift */; };
		5441B3812A29203500405481 /* For_TariaApp.swift in Sources */ = {isa = PBXBuildFile; fileRef = 5441B3802A29203500405481 /* For_TariaApp.swift */; };
		5441B3832A29203500405481 /* ContentView.swift in Sources */ = {isa = PBXBuildFile; fileRef = 5441B3822A29203500405481 /* ContentView.swift */; };
		5441B3852A29203A00405481 /* Assets.xcassets in Resources */ = {isa = PBXBuildFile; fileRef = 5441B3842A29203A00405481 /* Assets.xcassets */; };
		5441B3882A29203A00405481 /* Preview Assets.xcassets in Resources */ = {isa = PBXBuildFile; fileRef = 5441B3872A29203A00405481 /* Preview Assets.xcassets */; };
		5441B38A2A29203A00405481 /* Persistence.swift in Sources */ = {isa = PBXBuildFile; fileRef = 5441B3892A29203A00405481 /* Persistence.swift */; };
		5441B38D2A29203A00405481 /* For_Taria.xcdatamodeld in Sources */ = {isa = PBXBuildFile; fileRef = 5441B38B2A29203A00405481 /* For_Taria.xcdatamodeld */; };
		5441B3962A29212100405481 /* MenuView.swift in Sources */ = {isa = PBXBuildFile; fileRef = 5441B3952A29212100405481 /* MenuView.swift */; };
		5441B3992A29230800405481 /* TitleView.swift in Sources */ = {isa = PBXBuildFile; fileRef = 5441B3982A29230800405481 /* TitleView.swift */; };
		5441B39B2A2957D700405481 /* StarWarsPersonDataModel.swift in Sources */ = {isa = PBXBuildFile; fileRef = 5441B39A2A2957D700405481 /* StarWarsPersonDataModel.swift */; };
		5441B39D2A296EEB00405481 /* PeopleView.swift in Sources */ = {isa = PBXBuildFile; fileRef = 5441B39C2A296EEB00405481 /* PeopleView.swift */; };
		5441B39F2A2971C700405481 /* StarWarsPlanetDataModel.swift in Sources */ = {isa = PBXBuildFile; fileRef = 5441B39E2A2971C700405481 /* StarWarsPlanetDataModel.swift */; };
		5441B3A12A2975E500405481 /* PersonView.swift in Sources */ = {isa = PBXBuildFile; fileRef = 5441B3A02A2975E500405481 /* PersonView.swift */; };
		5441B3A32A29805600405481 /* PlanetsView.swift in Sources */ = {isa = PBXBuildFile; fileRef = 5441B3A22A29805600405481 /* PlanetsView.swift */; };
		5441B3A52A29806B00405481 /* PlanetView.swift in Sources */ = {isa = PBXBuildFile; fileRef = 5441B3A42A29806B00405481 /* PlanetView.swift */; };
		5441B3A72A2A18DD00405481 /* StarWarsStarshipDataModel.swift in Sources */ = {isa = PBXBuildFile; fileRef = 5441B3A62A2A18DD00405481 /* StarWarsStarshipDataModel.swift */; };
		54E976E62A2A430500D2A1E2 /* StarshipView.swift in Sources */ = {isa = PBXBuildFile; fileRef = 54E976E52A2A430500D2A1E2 /* StarshipView.swift */; };
		54E976E82A2A44A600D2A1E2 /* StarshipsView.swift in Sources */ = {isa = PBXBuildFile; fileRef = 54E976E72A2A44A600D2A1E2 /* StarshipsView.swift */; };
		54E976EF2A2A5AC500D2A1E2 /* StarWarsFilmDataModel.swift in Sources */ = {isa = PBXBuildFile; fileRef = 54E976EE2A2A5AC500D2A1E2 /* StarWarsFilmDataModel.swift */; };
		54E976F22A2A7FF700D2A1E2 /* FilmSoloView.swift in Sources */ = {isa = PBXBuildFile; fileRef = 54E976F12A2A7FF700D2A1E2 /* FilmSoloView.swift */; };
		54E976F42A2A827000D2A1E2 /* FilmsListView.swift in Sources */ = {isa = PBXBuildFile; fileRef = 54E976F32A2A827000D2A1E2 /* FilmsListView.swift */; };
		54E976F62A2A879100D2A1E2 /* StarWarsSpeciesDataModel.swift in Sources */ = {isa = PBXBuildFile; fileRef = 54E976F52A2A879100D2A1E2 /* StarWarsSpeciesDataModel.swift */; };
		54E976F92A2A8C5800D2A1E2 /* SpeciesSoloView.swift in Sources */ = {isa = PBXBuildFile; fileRef = 54E976F82A2A8C5800D2A1E2 /* SpeciesSoloView.swift */; };
		54E976FB2A2A8DA100D2A1E2 /* SpeciesListView.swift in Sources */ = {isa = PBXBuildFile; fileRef = 54E976FA2A2A8DA100D2A1E2 /* SpeciesListView.swift */; };
		54E976FD2A2A94F400D2A1E2 /* StarWarsVehicleDataModel.swift in Sources */ = {isa = PBXBuildFile; fileRef = 54E976FC2A2A94F400D2A1E2 /* StarWarsVehicleDataModel.swift */; };
		54E976FF2A2AC03A00D2A1E2 /* VehicleSoloView.swift in Sources */ = {isa = PBXBuildFile; fileRef = 54E976FE2A2AC03A00D2A1E2 /* VehicleSoloView.swift */; };
		54E977012A2AC13700D2A1E2 /* VehicleListView.swift in Sources */ = {isa = PBXBuildFile; fileRef = 54E977002A2AC13700D2A1E2 /* VehicleListView.swift */; };
		54EEDBC72A3100E800B4C331 /* SwapiHTTPClient.swift in Sources */ = {isa = PBXBuildFile; fileRef = 54EEDBC62A3100E800B4C331 /* SwapiHTTPClient.swift */; };
/* End PBXBuildFile section */

/* Begin PBXFileReference section */
		540B61172A3125DE00DB1FBB /* SwapiEndpoints.swift */ = {isa = PBXFileReference; lastKnownFileType = sourcecode.swift; path = SwapiEndpoints.swift; sourceTree = "<group>"; };
		540B61192A312ADF00DB1FBB /* SWAPIService.swift */ = {isa = PBXFileReference; lastKnownFileType = sourcecode.swift; path = SWAPIService.swift; sourceTree = "<group>"; };
		5441B37D2A29203500405481 /* For_Taria.app */ = {isa = PBXFileReference; explicitFileType = wrapper.application; includeInIndex = 0; path = For_Taria.app; sourceTree = BUILT_PRODUCTS_DIR; };
		5441B3802A29203500405481 /* For_TariaApp.swift */ = {isa = PBXFileReference; lastKnownFileType = sourcecode.swift; path = For_TariaApp.swift; sourceTree = "<group>"; };
		5441B3822A29203500405481 /* ContentView.swift */ = {isa = PBXFileReference; lastKnownFileType = sourcecode.swift; path = ContentView.swift; sourceTree = "<group>"; };
		5441B3842A29203A00405481 /* Assets.xcassets */ = {isa = PBXFileReference; lastKnownFileType = folder.assetcatalog; path = Assets.xcassets; sourceTree = "<group>"; };
		5441B3872A29203A00405481 /* Preview Assets.xcassets */ = {isa = PBXFileReference; lastKnownFileType = folder.assetcatalog; path = "Preview Assets.xcassets"; sourceTree = "<group>"; };
		5441B3892A29203A00405481 /* Persistence.swift */ = {isa = PBXFileReference; lastKnownFileType = sourcecode.swift; path = Persistence.swift; sourceTree = "<group>"; };
		5441B38C2A29203A00405481 /* For_Taria.xcdatamodel */ = {isa = PBXFileReference; lastKnownFileType = wrapper.xcdatamodel; path = For_Taria.xcdatamodel; sourceTree = "<group>"; };
		5441B3952A29212100405481 /* MenuView.swift */ = {isa = PBXFileReference; lastKnownFileType = sourcecode.swift; path = MenuView.swift; sourceTree = "<group>"; };
		5441B3982A29230800405481 /* TitleView.swift */ = {isa = PBXFileReference; lastKnownFileType = sourcecode.swift; path = TitleView.swift; sourceTree = "<group>"; };
		5441B39A2A2957D700405481 /* StarWarsPersonDataModel.swift */ = {isa = PBXFileReference; lastKnownFileType = sourcecode.swift; path = StarWarsPersonDataModel.swift; sourceTree = "<group>"; };
		5441B39C2A296EEB00405481 /* PeopleView.swift */ = {isa = PBXFileReference; lastKnownFileType = sourcecode.swift; path = PeopleView.swift; sourceTree = "<group>"; };
		5441B39E2A2971C700405481 /* StarWarsPlanetDataModel.swift */ = {isa = PBXFileReference; lastKnownFileType = sourcecode.swift; path = StarWarsPlanetDataModel.swift; sourceTree = "<group>"; };
		5441B3A02A2975E500405481 /* PersonView.swift */ = {isa = PBXFileReference; lastKnownFileType = sourcecode.swift; path = PersonView.swift; sourceTree = "<group>"; };
		5441B3A22A29805600405481 /* PlanetsView.swift */ = {isa = PBXFileReference; lastKnownFileType = sourcecode.swift; path = PlanetsView.swift; sourceTree = "<group>"; };
		5441B3A42A29806B00405481 /* PlanetView.swift */ = {isa = PBXFileReference; lastKnownFileType = sourcecode.swift; path = PlanetView.swift; sourceTree = "<group>"; };
		5441B3A62A2A18DD00405481 /* StarWarsStarshipDataModel.swift */ = {isa = PBXFileReference; lastKnownFileType = sourcecode.swift; path = StarWarsStarshipDataModel.swift; sourceTree = "<group>"; };
		54E976E52A2A430500D2A1E2 /* StarshipView.swift */ = {isa = PBXFileReference; lastKnownFileType = sourcecode.swift; path = StarshipView.swift; sourceTree = "<group>"; };
		54E976E72A2A44A600D2A1E2 /* StarshipsView.swift */ = {isa = PBXFileReference; lastKnownFileType = sourcecode.swift; path = StarshipsView.swift; sourceTree = "<group>"; };
		54E976EE2A2A5AC500D2A1E2 /* StarWarsFilmDataModel.swift */ = {isa = PBXFileReference; lastKnownFileType = sourcecode.swift; path = StarWarsFilmDataModel.swift; sourceTree = "<group>"; };
		54E976F12A2A7FF700D2A1E2 /* FilmSoloView.swift */ = {isa = PBXFileReference; lastKnownFileType = sourcecode.swift; path = FilmSoloView.swift; sourceTree = "<group>"; };
		54E976F32A2A827000D2A1E2 /* FilmsListView.swift */ = {isa = PBXFileReference; lastKnownFileType = sourcecode.swift; path = FilmsListView.swift; sourceTree = "<group>"; };
		54E976F52A2A879100D2A1E2 /* StarWarsSpeciesDataModel.swift */ = {isa = PBXFileReference; lastKnownFileType = sourcecode.swift; path = StarWarsSpeciesDataModel.swift; sourceTree = "<group>"; };
		54E976F82A2A8C5800D2A1E2 /* SpeciesSoloView.swift */ = {isa = PBXFileReference; lastKnownFileType = sourcecode.swift; path = SpeciesSoloView.swift; sourceTree = "<group>"; };
		54E976FA2A2A8DA100D2A1E2 /* SpeciesListView.swift */ = {isa = PBXFileReference; lastKnownFileType = sourcecode.swift; path = SpeciesListView.swift; sourceTree = "<group>"; };
		54E976FC2A2A94F400D2A1E2 /* StarWarsVehicleDataModel.swift */ = {isa = PBXFileReference; lastKnownFileType = sourcecode.swift; path = StarWarsVehicleDataModel.swift; sourceTree = "<group>"; };
		54E976FE2A2AC03A00D2A1E2 /* VehicleSoloView.swift */ = {isa = PBXFileReference; lastKnownFileType = sourcecode.swift; path = VehicleSoloView.swift; sourceTree = "<group>"; };
		54E977002A2AC13700D2A1E2 /* VehicleListView.swift */ = {isa = PBXFileReference; lastKnownFileType = sourcecode.swift; path = VehicleListView.swift; sourceTree = "<group>"; };
		54EEDBC62A3100E800B4C331 /* SwapiHTTPClient.swift */ = {isa = PBXFileReference; lastKnownFileType = sourcecode.swift; path = SwapiHTTPClient.swift; sourceTree = "<group>"; };
/* End PBXFileReference section */

/* Begin PBXFrameworksBuildPhase section */
		5441B37A2A29203500405481 /* Frameworks */ = {
			isa = PBXFrameworksBuildPhase;
			buildActionMask = 2147483647;
			files = (
			);
			runOnlyForDeploymentPostprocessing = 0;
		};
/* End PBXFrameworksBuildPhase section */

/* Begin PBXGroup section */
		5441B3742A29203500405481 = {
			isa = PBXGroup;
			children = (
				5441B37F2A29203500405481 /* For_Taria */,
				5441B37E2A29203500405481 /* Products */,
			);
			sourceTree = "<group>";
		};
		5441B37E2A29203500405481 /* Products */ = {
			isa = PBXGroup;
			children = (
				5441B37D2A29203500405481 /* For_Taria.app */,
			);
			name = Products;
			sourceTree = "<group>";
		};
		5441B37F2A29203500405481 /* For_Taria */ = {
			isa = PBXGroup;
			children = (
				5441B3972A29215D00405481 /* Network */,
				5441B3942A29207F00405481 /* Views */,
				5441B3932A29207300405481 /* Models */,
				5441B3802A29203500405481 /* For_TariaApp.swift */,
				5441B3842A29203A00405481 /* Assets.xcassets */,
				5441B3892A29203A00405481 /* Persistence.swift */,
				5441B38B2A29203A00405481 /* For_Taria.xcdatamodeld */,
				5441B3862A29203A00405481 /* Preview Content */,
			);
			path = For_Taria;
			sourceTree = "<group>";
		};
		5441B3862A29203A00405481 /* Preview Content */ = {
			isa = PBXGroup;
			children = (
				5441B3872A29203A00405481 /* Preview Assets.xcassets */,
			);
			path = "Preview Content";
			sourceTree = "<group>";
		};
		5441B3932A29207300405481 /* Models */ = {
			isa = PBXGroup;
			children = (
				5441B39A2A2957D700405481 /* StarWarsPersonDataModel.swift */,
				5441B39E2A2971C700405481 /* StarWarsPlanetDataModel.swift */,
				5441B3A62A2A18DD00405481 /* StarWarsStarshipDataModel.swift */,
				54E976EE2A2A5AC500D2A1E2 /* StarWarsFilmDataModel.swift */,
				54E976F52A2A879100D2A1E2 /* StarWarsSpeciesDataModel.swift */,
				54E976FC2A2A94F400D2A1E2 /* StarWarsVehicleDataModel.swift */,
			);
			path = Models;
			sourceTree = "<group>";
		};
		5441B3942A29207F00405481 /* Views */ = {
			isa = PBXGroup;
			children = (
				54E976F72A2A8C4100D2A1E2 /* Species */,
				54E976F02A2A7FD400D2A1E2 /* Films */,
				54E976ED2A2A5A8F00D2A1E2 /* Vehicles */,
				54E976EC2A2A5A7C00D2A1E2 /* MenuAndTitle */,
				54E976E92A2A588500D2A1E2 /* People */,
				54E976EA2A2A58A300D2A1E2 /* Planets */,
				54E976EB2A2A58B300D2A1E2 /* Starships */,
			);
			path = Views;
			sourceTree = "<group>";
		};
		5441B3972A29215D00405481 /* Network */ = {
			isa = PBXGroup;
			children = (
				54EEDBC62A3100E800B4C331 /* SwapiHTTPClient.swift */,
				540B61172A3125DE00DB1FBB /* SwapiEndpoints.swift */,
				540B61192A312ADF00DB1FBB /* SWAPIService.swift */,
			);
			path = Network;
			sourceTree = "<group>";
		};
		54E976E92A2A588500D2A1E2 /* People */ = {
			isa = PBXGroup;
			children = (
				5441B39C2A296EEB00405481 /* PeopleView.swift */,
				5441B3A02A2975E500405481 /* PersonView.swift */,
			);
			path = People;
			sourceTree = "<group>";
		};
		54E976EA2A2A58A300D2A1E2 /* Planets */ = {
			isa = PBXGroup;
			children = (
				5441B3A22A29805600405481 /* PlanetsView.swift */,
				5441B3A42A29806B00405481 /* PlanetView.swift */,
			);
			path = Planets;
			sourceTree = "<group>";
		};
		54E976EB2A2A58B300D2A1E2 /* Starships */ = {
			isa = PBXGroup;
			children = (
				54E976E52A2A430500D2A1E2 /* StarshipView.swift */,
				54E976E72A2A44A600D2A1E2 /* StarshipsView.swift */,
			);
			path = Starships;
			sourceTree = "<group>";
		};
		54E976EC2A2A5A7C00D2A1E2 /* MenuAndTitle */ = {
			isa = PBXGroup;
			children = (
				5441B3822A29203500405481 /* ContentView.swift */,
				5441B3952A29212100405481 /* MenuView.swift */,
				5441B3982A29230800405481 /* TitleView.swift */,
			);
			path = MenuAndTitle;
			sourceTree = "<group>";
		};
		54E976ED2A2A5A8F00D2A1E2 /* Vehicles */ = {
			isa = PBXGroup;
			children = (
				54E976FE2A2AC03A00D2A1E2 /* VehicleSoloView.swift */,
				54E977002A2AC13700D2A1E2 /* VehicleListView.swift */,
			);
			path = Vehicles;
			sourceTree = "<group>";
		};
		54E976F02A2A7FD400D2A1E2 /* Films */ = {
			isa = PBXGroup;
			children = (
				54E976F12A2A7FF700D2A1E2 /* FilmSoloView.swift */,
				54E976F32A2A827000D2A1E2 /* FilmsListView.swift */,
			);
			path = Films;
			sourceTree = "<group>";
		};
		54E976F72A2A8C4100D2A1E2 /* Species */ = {
			isa = PBXGroup;
			children = (
				54E976F82A2A8C5800D2A1E2 /* SpeciesSoloView.swift */,
				54E976FA2A2A8DA100D2A1E2 /* SpeciesListView.swift */,
			);
			path = Species;
			sourceTree = "<group>";
		};
/* End PBXGroup section */

/* Begin PBXNativeTarget section */
		5441B37C2A29203500405481 /* For_Taria */ = {
			isa = PBXNativeTarget;
			buildConfigurationList = 5441B3902A29203A00405481 /* Build configuration list for PBXNativeTarget "For_Taria" */;
			buildPhases = (
				5441B3792A29203500405481 /* Sources */,
				5441B37A2A29203500405481 /* Frameworks */,
				5441B37B2A29203500405481 /* Resources */,
			);
			buildRules = (
			);
			dependencies = (
			);
			name = For_Taria;
			productName = For_Taria;
			productReference = 5441B37D2A29203500405481 /* For_Taria.app */;
			productType = "com.apple.product-type.application";
		};
/* End PBXNativeTarget section */

/* Begin PBXProject section */
		5441B3752A29203500405481 /* Project object */ = {
			isa = PBXProject;
			attributes = {
				BuildIndependentTargetsInParallel = 1;
				LastSwiftUpdateCheck = 1320;
				LastUpgradeCheck = 1320;
				TargetAttributes = {
					5441B37C2A29203500405481 = {
						CreatedOnToolsVersion = 13.2.1;
					};
				};
			};
			buildConfigurationList = 5441B3782A29203500405481 /* Build configuration list for PBXProject "For_Taria" */;
			compatibilityVersion = "Xcode 13.0";
			developmentRegion = en;
			hasScannedForEncodings = 0;
			knownRegions = (
				en,
				Base,
			);
			mainGroup = 5441B3742A29203500405481;
			productRefGroup = 5441B37E2A29203500405481 /* Products */;
			projectDirPath = "";
			projectRoot = "";
			targets = (
				5441B37C2A29203500405481 /* For_Taria */,
			);
		};
/* End PBXProject section */

/* Begin PBXResourcesBuildPhase section */
		5441B37B2A29203500405481 /* Resources */ = {
			isa = PBXResourcesBuildPhase;
			buildActionMask = 2147483647;
			files = (
				5441B3882A29203A00405481 /* Preview Assets.xcassets in Resources */,
				5441B3852A29203A00405481 /* Assets.xcassets in Resources */,
			);
			runOnlyForDeploymentPostprocessing = 0;
		};
/* End PBXResourcesBuildPhase section */

/* Begin PBXSourcesBuildPhase section */
		5441B3792A29203500405481 /* Sources */ = {
			isa = PBXSourcesBuildPhase;
			buildActionMask = 2147483647;
			files = (
				54E976FB2A2A8DA100D2A1E2 /* SpeciesListView.swift in Sources */,
				54E976F22A2A7FF700D2A1E2 /* FilmSoloView.swift in Sources */,
				54E976E82A2A44A600D2A1E2 /* StarshipsView.swift in Sources */,
				5441B3962A29212100405481 /* MenuView.swift in Sources */,
				5441B39D2A296EEB00405481 /* PeopleView.swift in Sources */,
				54E976F62A2A879100D2A1E2 /* StarWarsSpeciesDataModel.swift in Sources */,
				54EEDBC72A3100E800B4C331 /* SwapiHTTPClient.swift in Sources */,
				540B61182A3125DE00DB1FBB /* SwapiEndpoints.swift in Sources */,
				5441B3A52A29806B00405481 /* PlanetView.swift in Sources */,
				54E976FD2A2A94F400D2A1E2 /* StarWarsVehicleDataModel.swift in Sources */,
				540B611A2A312ADF00DB1FBB /* SWAPIService.swift in Sources */,
				5441B3A72A2A18DD00405481 /* StarWarsStarshipDataModel.swift in Sources */,
				54E976F42A2A827000D2A1E2 /* FilmsListView.swift in Sources */,
				5441B39F2A2971C700405481 /* StarWarsPlanetDataModel.swift in Sources */,
				5441B38A2A29203A00405481 /* Persistence.swift in Sources */,
				5441B38D2A29203A00405481 /* For_Taria.xcdatamodeld in Sources */,
				5441B3A32A29805600405481 /* PlanetsView.swift in Sources */,
				54E976E62A2A430500D2A1E2 /* StarshipView.swift in Sources */,
				5441B3A12A2975E500405481 /* PersonView.swift in Sources */,
				5441B3832A29203500405481 /* ContentView.swift in Sources */,
				5441B3812A29203500405481 /* For_TariaApp.swift in Sources */,
				54E976F92A2A8C5800D2A1E2 /* SpeciesSoloView.swift in Sources */,
				54E976FF2A2AC03A00D2A1E2 /* VehicleSoloView.swift in Sources */,
				5441B3992A29230800405481 /* TitleView.swift in Sources */,
				5441B39B2A2957D700405481 /* StarWarsPersonDataModel.swift in Sources */,
				54E976EF2A2A5AC500D2A1E2 /* StarWarsFilmDataModel.swift in Sources */,
				54E977012A2AC13700D2A1E2 /* VehicleListView.swift in Sources */,
			);
			runOnlyForDeploymentPostprocessing = 0;
		};
/* End PBXSourcesBuildPhase section */

/* Begin XCBuildConfiguration section */
		5441B38E2A29203A00405481 /* Debug */ = {
			isa = XCBuildConfiguration;
			buildSettings = {
				ALWAYS_SEARCH_USER_PATHS = NO;
				CLANG_ANALYZER_NONNULL = YES;
				CLANG_ANALYZER_NUMBER_OBJECT_CONVERSION = YES_AGGRESSIVE;
				CLANG_CXX_LANGUAGE_STANDARD = "gnu++17";
				CLANG_CXX_LIBRARY = "libc++";
				CLANG_ENABLE_MODULES = YES;
				CLANG_ENABLE_OBJC_ARC = YES;
				CLANG_ENABLE_OBJC_WEAK = YES;
				CLANG_WARN_BLOCK_CAPTURE_AUTORELEASING = YES;
				CLANG_WARN_BOOL_CONVERSION = YES;
				CLANG_WARN_COMMA = YES;
				CLANG_WARN_CONSTANT_CONVERSION = YES;
				CLANG_WARN_DEPRECATED_OBJC_IMPLEMENTATIONS = YES;
				CLANG_WARN_DIRECT_OBJC_ISA_USAGE = YES_ERROR;
				CLANG_WARN_DOCUMENTATION_COMMENTS = YES;
				CLANG_WARN_EMPTY_BODY = YES;
				CLANG_WARN_ENUM_CONVERSION = YES;
				CLANG_WARN_INFINITE_RECURSION = YES;
				CLANG_WARN_INT_CONVERSION = YES;
				CLANG_WARN_NON_LITERAL_NULL_CONVERSION = YES;
				CLANG_WARN_OBJC_IMPLICIT_RETAIN_SELF = YES;
				CLANG_WARN_OBJC_LITERAL_CONVERSION = YES;
				CLANG_WARN_OBJC_ROOT_CLASS = YES_ERROR;
				CLANG_WARN_QUOTED_INCLUDE_IN_FRAMEWORK_HEADER = YES;
				CLANG_WARN_RANGE_LOOP_ANALYSIS = YES;
				CLANG_WARN_STRICT_PROTOTYPES = YES;
				CLANG_WARN_SUSPICIOUS_MOVE = YES;
				CLANG_WARN_UNGUARDED_AVAILABILITY = YES_AGGRESSIVE;
				CLANG_WARN_UNREACHABLE_CODE = YES;
				CLANG_WARN__DUPLICATE_METHOD_MATCH = YES;
				COPY_PHASE_STRIP = NO;
				DEBUG_INFORMATION_FORMAT = dwarf;
				ENABLE_STRICT_OBJC_MSGSEND = YES;
				ENABLE_TESTABILITY = YES;
				GCC_C_LANGUAGE_STANDARD = gnu11;
				GCC_DYNAMIC_NO_PIC = NO;
				GCC_NO_COMMON_BLOCKS = YES;
				GCC_OPTIMIZATION_LEVEL = 0;
				GCC_PREPROCESSOR_DEFINITIONS = (
					"DEBUG=1",
					"$(inherited)",
				);
				GCC_WARN_64_TO_32_BIT_CONVERSION = YES;
				GCC_WARN_ABOUT_RETURN_TYPE = YES_ERROR;
				GCC_WARN_UNDECLARED_SELECTOR = YES;
				GCC_WARN_UNINITIALIZED_AUTOS = YES_AGGRESSIVE;
				GCC_WARN_UNUSED_FUNCTION = YES;
				GCC_WARN_UNUSED_VARIABLE = YES;
				IPHONEOS_DEPLOYMENT_TARGET = 15.2;
				MTL_ENABLE_DEBUG_INFO = INCLUDE_SOURCE;
				MTL_FAST_MATH = YES;
				ONLY_ACTIVE_ARCH = YES;
				SDKROOT = iphoneos;
				SWIFT_ACTIVE_COMPILATION_CONDITIONS = DEBUG;
				SWIFT_OPTIMIZATION_LEVEL = "-Onone";
			};
			name = Debug;
		};
		5441B38F2A29203A00405481 /* Release */ = {
			isa = XCBuildConfiguration;
			buildSettings = {
				ALWAYS_SEARCH_USER_PATHS = NO;
				CLANG_ANALYZER_NONNULL = YES;
				CLANG_ANALYZER_NUMBER_OBJECT_CONVERSION = YES_AGGRESSIVE;
				CLANG_CXX_LANGUAGE_STANDARD = "gnu++17";
				CLANG_CXX_LIBRARY = "libc++";
				CLANG_ENABLE_MODULES = YES;
				CLANG_ENABLE_OBJC_ARC = YES;
				CLANG_ENABLE_OBJC_WEAK = YES;
				CLANG_WARN_BLOCK_CAPTURE_AUTORELEASING = YES;
				CLANG_WARN_BOOL_CONVERSION = YES;
				CLANG_WARN_COMMA = YES;
				CLANG_WARN_CONSTANT_CONVERSION = YES;
				CLANG_WARN_DEPRECATED_OBJC_IMPLEMENTATIONS = YES;
				CLANG_WARN_DIRECT_OBJC_ISA_USAGE = YES_ERROR;
				CLANG_WARN_DOCUMENTATION_COMMENTS = YES;
				CLANG_WARN_EMPTY_BODY = YES;
				CLANG_WARN_ENUM_CONVERSION = YES;
				CLANG_WARN_INFINITE_RECURSION = YES;
				CLANG_WARN_INT_CONVERSION = YES;
				CLANG_WARN_NON_LITERAL_NULL_CONVERSION = YES;
				CLANG_WARN_OBJC_IMPLICIT_RETAIN_SELF = YES;
				CLANG_WARN_OBJC_LITERAL_CONVERSION = YES;
				CLANG_WARN_OBJC_ROOT_CLASS = YES_ERROR;
				CLANG_WARN_QUOTED_INCLUDE_IN_FRAMEWORK_HEADER = YES;
				CLANG_WARN_RANGE_LOOP_ANALYSIS = YES;
				CLANG_WARN_STRICT_PROTOTYPES = YES;
				CLANG_WARN_SUSPICIOUS_MOVE = YES;
				CLANG_WARN_UNGUARDED_AVAILABILITY = YES_AGGRESSIVE;
				CLANG_WARN_UNREACHABLE_CODE = YES;
				CLANG_WARN__DUPLICATE_METHOD_MATCH = YES;
				COPY_PHASE_STRIP = NO;
				DEBUG_INFORMATION_FORMAT = "dwarf-with-dsym";
				ENABLE_NS_ASSERTIONS = NO;
				ENABLE_STRICT_OBJC_MSGSEND = YES;
				GCC_C_LANGUAGE_STANDARD = gnu11;
				GCC_NO_COMMON_BLOCKS = YES;
				GCC_WARN_64_TO_32_BIT_CONVERSION = YES;
				GCC_WARN_ABOUT_RETURN_TYPE = YES_ERROR;
				GCC_WARN_UNDECLARED_SELECTOR = YES;
				GCC_WARN_UNINITIALIZED_AUTOS = YES_AGGRESSIVE;
				GCC_WARN_UNUSED_FUNCTION = YES;
				GCC_WARN_UNUSED_VARIABLE = YES;
				IPHONEOS_DEPLOYMENT_TARGET = 15.2;
				MTL_ENABLE_DEBUG_INFO = NO;
				MTL_FAST_MATH = YES;
				SDKROOT = iphoneos;
				SWIFT_COMPILATION_MODE = wholemodule;
				SWIFT_OPTIMIZATION_LEVEL = "-O";
				VALIDATE_PRODUCT = YES;
			};
			name = Release;
		};
		5441B3912A29203A00405481 /* Debug */ = {
			isa = XCBuildConfiguration;
			buildSettings = {
				ASSETCATALOG_COMPILER_APPICON_NAME = AppIcon;
				ASSETCATALOG_COMPILER_GLOBAL_ACCENT_COLOR_NAME = AccentColor;
				CODE_SIGN_STYLE = Automatic;
				CURRENT_PROJECT_VERSION = 1;
				DEVELOPMENT_ASSET_PATHS = "\"For_Taria/Preview Content\"";
				DEVELOPMENT_TEAM = HHBGC2J5CX;
				ENABLE_PREVIEWS = YES;
				GENERATE_INFOPLIST_FILE = YES;
				INFOPLIST_KEY_UIApplicationSceneManifest_Generation = YES;
				INFOPLIST_KEY_UIApplicationSupportsIndirectInputEvents = YES;
				INFOPLIST_KEY_UILaunchScreen_Generation = YES;
				INFOPLIST_KEY_UISupportedInterfaceOrientations_iPad = "UIInterfaceOrientationPortrait UIInterfaceOrientationPortraitUpsideDown UIInterfaceOrientationLandscapeLeft UIInterfaceOrientationLandscapeRight";
				INFOPLIST_KEY_UISupportedInterfaceOrientations_iPhone = "UIInterfaceOrientationPortrait UIInterfaceOrientationLandscapeLeft UIInterfaceOrientationLandscapeRight";
				IPHONEOS_DEPLOYMENT_TARGET = 15.2;
				LD_RUNPATH_SEARCH_PATHS = (
					"$(inherited)",
					"@executable_path/Frameworks",
				);
				MARKETING_VERSION = 1.0;
				PRODUCT_BUNDLE_IDENTIFIER = "com.Jason.self.For-Taria";
				PRODUCT_NAME = "$(TARGET_NAME)";
				SWIFT_EMIT_LOC_STRINGS = YES;
				SWIFT_VERSION = 5.0;
				TARGETED_DEVICE_FAMILY = "1,2";
			};
			name = Debug;
		};
		5441B3922A29203A00405481 /* Release */ = {
			isa = XCBuildConfiguration;
			buildSettings = {
				ASSETCATALOG_COMPILER_APPICON_NAME = AppIcon;
				ASSETCATALOG_COMPILER_GLOBAL_ACCENT_COLOR_NAME = AccentColor;
				CODE_SIGN_STYLE = Automatic;
				CURRENT_PROJECT_VERSION = 1;
				DEVELOPMENT_ASSET_PATHS = "\"For_Taria/Preview Content\"";
				DEVELOPMENT_TEAM = HHBGC2J5CX;
				ENABLE_PREVIEWS = YES;
				GENERATE_INFOPLIST_FILE = YES;
				INFOPLIST_KEY_UIApplicationSceneManifest_Generation = YES;
				INFOPLIST_KEY_UIApplicationSupportsIndirectInputEvents = YES;
				INFOPLIST_KEY_UILaunchScreen_Generation = YES;
				INFOPLIST_KEY_UISupportedInterfaceOrientations_iPad = "UIInterfaceOrientationPortrait UIInterfaceOrientationPortraitUpsideDown UIInterfaceOrientationLandscapeLeft UIInterfaceOrientationLandscapeRight";
				INFOPLIST_KEY_UISupportedInterfaceOrientations_iPhone = "UIInterfaceOrientationPortrait UIInterfaceOrientationLandscapeLeft UIInterfaceOrientationLandscapeRight";
				IPHONEOS_DEPLOYMENT_TARGET = 15.2;
				LD_RUNPATH_SEARCH_PATHS = (
					"$(inherited)",
					"@executable_path/Frameworks",
				);
				MARKETING_VERSION = 1.0;
				PRODUCT_BUNDLE_IDENTIFIER = "com.Jason.self.For-Taria";
				PRODUCT_NAME = "$(TARGET_NAME)";
				SWIFT_EMIT_LOC_STRINGS = YES;
				SWIFT_VERSION = 5.0;
				TARGETED_DEVICE_FAMILY = "1,2";
			};
			name = Release;
		};
/* End XCBuildConfiguration section */

/* Begin XCConfigurationList section */
		5441B3782A29203500405481 /* Build configuration list for PBXProject "For_Taria" */ = {
			isa = XCConfigurationList;
			buildConfigurations = (
				5441B38E2A29203A00405481 /* Debug */,
				5441B38F2A29203A00405481 /* Release */,
			);
			defaultConfigurationIsVisible = 0;
			defaultConfigurationName = Release;
		};
		5441B3902A29203A00405481 /* Build configuration list for PBXNativeTarget "For_Taria" */ = {
			isa = XCConfigurationList;
			buildConfigurations = (
				5441B3912A29203A00405481 /* Debug */,
				5441B3922A29203A00405481 /* Release */,
			);
			defaultConfigurationIsVisible = 0;
			defaultConfigurationName = Release;
		};
/* End XCConfigurationList section */

/* Begin XCVersionGroup section */
		5441B38B2A29203A00405481 /* For_Taria.xcdatamodeld */ = {
			isa = XCVersionGroup;
			children = (
				5441B38C2A29203A00405481 /* For_Taria.xcdatamodel */,
			);
			currentVersion = 5441B38C2A29203A00405481 /* For_Taria.xcdatamodel */;
			path = For_Taria.xcdatamodeld;
			sourceTree = "<group>";
			versionGroupType = wrapper.xcdatamodel;
		};
/* End XCVersionGroup section */
	};
	rootObject = 5441B3752A29203500405481 /* Project object */;
}
